// !$*UTF8*$!
{
	archiveVersion = 1;
	classes = {
	};
	objectVersion = 50;
	objects = {

/* Begin PBXBuildFile section */
		BAF39C2A2432735300D4F2D5 /* AppDelegate.swift in Sources */ = {isa = PBXBuildFile; fileRef = BAF39C292432735300D4F2D5 /* AppDelegate.swift */; };
		BAF39C2C2432735300D4F2D5 /* SceneDelegate.swift in Sources */ = {isa = PBXBuildFile; fileRef = BAF39C2B2432735300D4F2D5 /* SceneDelegate.swift */; };
		BAF39C2E2432735300D4F2D5 /* ViewController.swift in Sources */ = {isa = PBXBuildFile; fileRef = BAF39C2D2432735300D4F2D5 /* ViewController.swift */; };
		BAF39C312432735300D4F2D5 /* Main.storyboard in Resources */ = {isa = PBXBuildFile; fileRef = BAF39C2F2432735300D4F2D5 /* Main.storyboard */; };
		BAF39C332432735500D4F2D5 /* Assets.xcassets in Resources */ = {isa = PBXBuildFile; fileRef = BAF39C322432735500D4F2D5 /* Assets.xcassets */; };
		BAF39C362432735500D4F2D5 /* LaunchScreen.storyboard in Resources */ = {isa = PBXBuildFile; fileRef = BAF39C342432735500D4F2D5 /* LaunchScreen.storyboard */; };
/* End PBXBuildFile section */

/* Begin PBXFileReference section */
		BAF39C262432735300D4F2D5 /* Primeiro teste GIT.app */ = {isa = PBXFileReference; explicitFileType = wrapper.application; includeInIndex = 0; path = "Primeiro teste GIT.app"; sourceTree = BUILT_PRODUCTS_DIR; };
		BAF39C292432735300D4F2D5 /* AppDelegate.swift */ = {isa = PBXFileReference; lastKnownFileType = sourcecode.swift; path = AppDelegate.swift; sourceTree = "<group>"; };
		BAF39C2B2432735300D4F2D5 /* SceneDelegate.swift */ = {isa = PBXFileReference; lastKnownFileType = sourcecode.swift; path = SceneDelegate.swift; sourceTree = "<group>"; };
		BAF39C2D2432735300D4F2D5 /* ViewController.swift */ = {isa = PBXFileReference; lastKnownFileType = sourcecode.swift; path = ViewController.swift; sourceTree = "<group>"; };
		BAF39C302432735300D4F2D5 /* Base */ = {isa = PBXFileReference; lastKnownFileType = file.storyboard; name = Base; path = Base.lproj/Main.storyboard; sourceTree = "<group>"; };
		BAF39C322432735500D4F2D5 /* Assets.xcassets */ = {isa = PBXFileReference; lastKnownFileType = folder.assetcatalog; path = Assets.xcassets; sourceTree = "<group>"; };
		BAF39C352432735500D4F2D5 /* Base */ = {isa = PBXFileReference; lastKnownFileType = file.storyboard; name = Base; path = Base.lproj/LaunchScreen.storyboard; sourceTree = "<group>"; };
		BAF39C372432735500D4F2D5 /* Info.plist */ = {isa = PBXFileReference; lastKnownFileType = text.plist.xml; path = Info.plist; sourceTree = "<group>"; };
/* End PBXFileReference section */

/* Begin PBXFrameworksBuildPhase section */
		BAF39C232432735300D4F2D5 /* Frameworks */ = {
			isa = PBXFrameworksBuildPhase;
			buildActionMask = 2147483647;
			files = (
			);
			runOnlyForDeploymentPostprocessing = 0;
		};
/* End PBXFrameworksBuildPhase section */

/* Begin PBXGroup section */
		BAF39C1D2432735300D4F2D5 = {
			isa = PBXGroup;
			children = (
				BAF39C282432735300D4F2D5 /* Primeiro teste GIT */,
				BAF39C272432735300D4F2D5 /* Products */,
			);
			sourceTree = "<group>";
		};
		BAF39C272432735300D4F2D5 /* Products */ = {
			isa = PBXGroup;
			children = (
				BAF39C262432735300D4F2D5 /* Primeiro teste GIT.app */,
			);
			name = Products;
			sourceTree = "<group>";
		};
		BAF39C282432735300D4F2D5 /* Primeiro teste GIT */ = {
			isa = PBXGroup;
			children = (
				BAF39C292432735300D4F2D5 /* AppDelegate.swift */,
				BAF39C2B2432735300D4F2D5 /* SceneDelegate.swift */,
				BAF39C2D2432735300D4F2D5 /* ViewController.swift */,
				BAF39C2F2432735300D4F2D5 /* Main.storyboard */,
				BAF39C322432735500D4F2D5 /* Assets.xcassets */,
				BAF39C342432735500D4F2D5 /* LaunchScreen.storyboard */,
				BAF39C372432735500D4F2D5 /* Info.plist */,
			);
			path = "Primeiro teste GIT";
			sourceTree = "<group>";
		};
/* End PBXGroup section */

/* Begin PBXNativeTarget section */
		BAF39C252432735300D4F2D5 /* Primeiro teste GIT */ = {
			isa = PBXNativeTarget;
			buildConfigurationList = BAF39C3A2432735500D4F2D5 /* Build configuration list for PBXNativeTarget "Primeiro teste GIT" */;
			buildPhases = (
				BAF39C222432735300D4F2D5 /* Sources */,
				BAF39C232432735300D4F2D5 /* Frameworks */,
				BAF39C242432735300D4F2D5 /* Resources */,
			);
			buildRules = (
			);
			dependencies = (
			);
			name = "Primeiro teste GIT";
			productName = "Primeiro teste GIT";
			productReference = BAF39C262432735300D4F2D5 /* Primeiro teste GIT.app */;
			productType = "com.apple.product-type.application";
		};
/* End PBXNativeTarget section */

/* Begin PBXProject section */
		BAF39C1E2432735300D4F2D5 /* Project object */ = {
			isa = PBXProject;
			attributes = {
				LastSwiftUpdateCheck = 1140;
				LastUpgradeCheck = 1140;
				ORGANIZATIONNAME = "Lidiane Chen";
				TargetAttributes = {
					BAF39C252432735300D4F2D5 = {
						CreatedOnToolsVersion = 11.4;
					};
				};
			};
			buildConfigurationList = BAF39C212432735300D4F2D5 /* Build configuration list for PBXProject "Primeiro teste GIT" */;
			compatibilityVersion = "Xcode 9.3";
			developmentRegion = en;
			hasScannedForEncodings = 0;
			knownRegions = (
				en,
				Base,
			);
			mainGroup = BAF39C1D2432735300D4F2D5;
			productRefGroup = BAF39C272432735300D4F2D5 /* Products */;
			projectDirPath = "";
			projectRoot = "";
			targets = (
				BAF39C252432735300D4F2D5 /* Primeiro teste GIT */,
			);
		};
/* End PBXProject section */

/* Begin PBXResourcesBuildPhase section */
		BAF39C242432735300D4F2D5 /* Resources */ = {
			isa = PBXResourcesBuildPhase;
			buildActionMask = 2147483647;
			files = (
				BAF39C362432735500D4F2D5 /* LaunchScreen.storyboard in Resources */,
				BAF39C332432735500D4F2D5 /* Assets.xcassets in Resources */,
				BAF39C312432735300D4F2D5 /* Main.storyboard in Resources */,
			);
			runOnlyForDeploymentPostprocessing = 0;
		};
/* End PBXResourcesBuildPhase section */

/* Begin PBXSourcesBuildPhase section */
		BAF39C222432735300D4F2D5 /* Sources */ = {
			isa = PBXSourcesBuildPhase;
			buildActionMask = 2147483647;
			files = (
				BAF39C2E2432735300D4F2D5 /* ViewController.swift in Sources */,
				BAF39C2A2432735300D4F2D5 /* AppDelegate.swift in Sources */,
				BAF39C2C2432735300D4F2D5 /* SceneDelegate.swift in Sources */,
			);
			runOnlyForDeploymentPostprocessing = 0;
		};
/* End PBXSourcesBuildPhase section */

/* Begin PBXVariantGroup section */
		BAF39C2F2432735300D4F2D5 /* Main.storyboard */ = {
			isa = PBXVariantGroup;
			children = (
				BAF39C302432735300D4F2D5 /* Base */,
			);
			name = Main.storyboard;
			sourceTree = "<group>";
		};
		BAF39C342432735500D4F2D5 /* LaunchScreen.storyboard */ = {
			isa = PBXVariantGroup;
			children = (
				BAF39C352432735500D4F2D5 /* Base */,
			);
			name = LaunchScreen.storyboard;
			sourceTree = "<group>";
		};
/* End PBXVariantGroup section */

/* Begin XCBuildConfiguration section */
		BAF39C382432735500D4F2D5 /* Debug */ = {
			isa = XCBuildConfiguration;
			buildSettings = {
				ALWAYS_SEARCH_USER_PATHS = NO;
				CLANG_ANALYZER_NONNULL = YES;
				CLANG_ANALYZER_NUMBER_OBJECT_CONVERSION = YES_AGGRESSIVE;
				CLANG_CXX_LANGUAGE_STANDARD = "gnu++14";
				CLANG_CXX_LIBRARY = "libc++";
				CLANG_ENABLE_MODULES = YES;
				CLANG_ENABLE_OBJC_ARC = YES;
				CLANG_ENABLE_OBJC_WEAK = YES;
				CLANG_WARN_BLOCK_CAPTURE_AUTORELEASING = YES;
				CLANG_WARN_BOOL_CONVERSION = YES;
				CLANG_WARN_COMMA = YES;
				CLANG_WARN_CONSTANT_CONVERSION = YES;
				CLANG_WARN_DEPRECATED_OBJC_IMPLEMENTATIONS = YES;
				CLANG_WARN_DIRECT_OBJC_ISA_USAGE = YES_ERROR;
				CLANG_WARN_DOCUMENTATION_COMMENTS = YES;
				CLANG_WARN_EMPTY_BODY = YES;
				CLANG_WARN_ENUM_CONVERSION = YES;
				CLANG_WARN_INFINITE_RECURSION = YES;
				CLANG_WARN_INT_CONVERSION = YES;
				CLANG_WARN_NON_LITERAL_NULL_CONVERSION = YES;
				CLANG_WARN_OBJC_IMPLICIT_RETAIN_SELF = YES;
				CLANG_WARN_OBJC_LITERAL_CONVERSION = YES;
				CLANG_WARN_OBJC_ROOT_CLASS = YES_ERROR;
				CLANG_WARN_RANGE_LOOP_ANALYSIS = YES;
				CLANG_WARN_STRICT_PROTOTYPES = YES;
				CLANG_WARN_SUSPICIOUS_MOVE = YES;
				CLANG_WARN_UNGUARDED_AVAILABILITY = YES_AGGRESSIVE;
				CLANG_WARN_UNREACHABLE_CODE = YES;
				CLANG_WARN__DUPLICATE_METHOD_MATCH = YES;
				COPY_PHASE_STRIP = NO;
				DEBUG_INFORMATION_FORMAT = dwarf;
				ENABLE_STRICT_OBJC_MSGSEND = YES;
				ENABLE_TESTABILITY = YES;
				GCC_C_LANGUAGE_STANDARD = gnu11;
				GCC_DYNAMIC_NO_PIC = NO;
				GCC_NO_COMMON_BLOCKS = YES;
				GCC_OPTIMIZATION_LEVEL = 0;
				GCC_PREPROCESSOR_DEFINITIONS = (
					"DEBUG=1",
					"$(inherited)",
				);
				GCC_WARN_64_TO_32_BIT_CONVERSION = YES;
				GCC_WARN_ABOUT_RETURN_TYPE = YES_ERROR;
				GCC_WARN_UNDECLARED_SELECTOR = YES;
				GCC_WARN_UNINITIALIZED_AUTOS = YES_AGGRESSIVE;
				GCC_WARN_UNUSED_FUNCTION = YES;
				GCC_WARN_UNUSED_VARIABLE = YES;
				IPHONEOS_DEPLOYMENT_TARGET = 13.4;
				MTL_ENABLE_DEBUG_INFO = INCLUDE_SOURCE;
				MTL_FAST_MATH = YES;
				ONLY_ACTIVE_ARCH = YES;
				SDKROOT = iphoneos;
				SWIFT_ACTIVE_COMPILATION_CONDITIONS = DEBUG;
				SWIFT_OPTIMIZATION_LEVEL = "-Onone";
			};
			name = Debug;
		};
		BAF39C392432735500D4F2D5 /* Release */ = {
			isa = XCBuildConfiguration;
			buildSettings = {
				ALWAYS_SEARCH_USER_PATHS = NO;
				CLANG_ANALYZER_NONNULL = YES;
				CLANG_ANALYZER_NUMBER_OBJECT_CONVERSION = YES_AGGRESSIVE;
				CLANG_CXX_LANGUAGE_STANDARD = "gnu++14";
				CLANG_CXX_LIBRARY = "libc++";
				CLANG_ENABLE_MODULES = YES;
				CLANG_ENABLE_OBJC_ARC = YES;
				CLANG_ENABLE_OBJC_WEAK = YES;
				CLANG_WARN_BLOCK_CAPTURE_AUTORELEASING = YES;
				CLANG_WARN_BOOL_CONVERSION = YES;
				CLANG_WARN_COMMA = YES;
				CLANG_WARN_CONSTANT_CONVERSION = YES;
				CLANG_WARN_DEPRECATED_OBJC_IMPLEMENTATIONS = YES;
				CLANG_WARN_DIRECT_OBJC_ISA_USAGE = YES_ERROR;
				CLANG_WARN_DOCUMENTATION_COMMENTS = YES;
				CLANG_WARN_EMPTY_BODY = YES;
				CLANG_WARN_ENUM_CONVERSION = YES;
				CLANG_WARN_INFINITE_RECURSION = YES;
				CLANG_WARN_INT_CONVERSION = YES;
				CLANG_WARN_NON_LITERAL_NULL_CONVERSION = YES;
				CLANG_WARN_OBJC_IMPLICIT_RETAIN_SELF = YES;
				CLANG_WARN_OBJC_LITERAL_CONVERSION = YES;
				CLANG_WARN_OBJC_ROOT_CLASS = YES_ERROR;
				CLANG_WARN_RANGE_LOOP_ANALYSIS = YES;
				CLANG_WARN_STRICT_PROTOTYPES = YES;
				CLANG_WARN_SUSPICIOUS_MOVE = YES;
				CLANG_WARN_UNGUARDED_AVAILABILITY = YES_AGGRESSIVE;
				CLANG_WARN_UNREACHABLE_CODE = YES;
				CLANG_WARN__DUPLICATE_METHOD_MATCH = YES;
				COPY_PHASE_STRIP = NO;
				DEBUG_INFORMATION_FORMAT = "dwarf-with-dsym";
				ENABLE_NS_ASSERTIONS = NO;
				ENABLE_STRICT_OBJC_MSGSEND = YES;
				GCC_C_LANGUAGE_STANDARD = gnu11;
				GCC_NO_COMMON_BLOCKS = YES;
				GCC_WARN_64_TO_32_BIT_CONVERSION = YES;
				GCC_WARN_ABOUT_RETURN_TYPE = YES_ERROR;
				GCC_WARN_UNDECLARED_SELECTOR = YES;
				GCC_WARN_UNINITIALIZED_AUTOS = YES_AGGRESSIVE;
				GCC_WARN_UNUSED_FUNCTION = YES;
				GCC_WARN_UNUSED_VARIABLE = YES;
				IPHONEOS_DEPLOYMENT_TARGET = 13.4;
				MTL_ENABLE_DEBUG_INFO = NO;
				MTL_FAST_MATH = YES;
				SDKROOT = iphoneos;
				SWIFT_COMPILATION_MODE = wholemodule;
				SWIFT_OPTIMIZATION_LEVEL = "-O";
				VALIDATE_PRODUCT = YES;
			};
			name = Release;
		};
		BAF39C3B2432735500D4F2D5 /* Debug */ = {
			isa = XCBuildConfiguration;
			buildSettings = {
				ASSETCATALOG_COMPILER_APPICON_NAME = AppIcon;
				CODE_SIGN_STYLE = Automatic;
				DEVELOPMENT_TEAM = 66Q5YNK6LB;
				INFOPLIST_FILE = "Primeiro teste GIT/Info.plist";
				LD_RUNPATH_SEARCH_PATHS = (
					"$(inherited)",
					"@executable_path/Frameworks",
				);
				PRODUCT_BUNDLE_IDENTIFIER = "les.inf.puc-rio.br.Primeiro-teste-GIT";
				PRODUCT_NAME = "$(TARGET_NAME)";
				SWIFT_VERSION = 5.0;
				TARGETED_DEVICE_FAMILY = "1,2";
			};
			name = Debug;
		};
		BAF39C3C2432735500D4F2D5 /* Release */ = {
			isa = XCBuildConfiguration;
			buildSettings = {
				ASSETCATALOG_COMPILER_APPICON_NAME = AppIcon;
				CODE_SIGN_STYLE = Automatic;
				DEVELOPMENT_TEAM = 66Q5YNK6LB;
				INFOPLIST_FILE = "Primeiro teste GIT/Info.plist";
				LD_RUNPATH_SEARCH_PATHS = (
					"$(inherited)",
					"@executable_path/Frameworks",
				);
				PRODUCT_BUNDLE_IDENTIFIER = "les.inf.puc-rio.br.Primeiro-teste-GIT";
				PRODUCT_NAME = "$(TARGET_NAME)";
				SWIFT_VERSION = 5.0;
				TARGETED_DEVICE_FAMILY = "1,2";
			};
			name = Release;
		};
/* End XCBuildConfiguration section */

/* Begin XCConfigurationList section */
		BAF39C212432735300D4F2D5 /* Build configuration list for PBXProject "Primeiro teste GIT" */ = {
			isa = XCConfigurationList;
			buildConfigurations = (
				BAF39C382432735500D4F2D5 /* Debug */,
				BAF39C392432735500D4F2D5 /* Release */,
			);
			defaultConfigurationIsVisible = 0;
			defaultConfigurationName = Release;
		};
		BAF39C3A2432735500D4F2D5 /* Build configuration list for PBXNativeTarget "Primeiro teste GIT" */ = {
			isa = XCConfigurationList;
			buildConfigurations = (
				BAF39C3B2432735500D4F2D5 /* Debug */,
				BAF39C3C2432735500D4F2D5 /* Release */,
			);
			defaultConfigurationIsVisible = 0;
			defaultConfigurationName = Release;
		};
/* End XCConfigurationList section */
	};
	rootObject = BAF39C1E2432735300D4F2D5 /* Project object */;
}
